// !$*UTF8*$!
{
	archiveVersion = 1;
	classes = {
	};
	objectVersion = 50;
	objects = {

/* Begin PBXBuildFile section */
		389F75404342645E983BD4F6 /* Pods_HW_25_Observer_2.framework in Frameworks */ = {isa = PBXBuildFile; fileRef = D11F53CED0DAB7AA0B93FFC4 /* Pods_HW_25_Observer_2.framework */; };
		E35294972183EB3F003BCF2D /* AppDelegate.swift in Sources */ = {isa = PBXBuildFile; fileRef = E35294962183EB3F003BCF2D /* AppDelegate.swift */; };
		E352949C2183EB3F003BCF2D /* Main.storyboard in Resources */ = {isa = PBXBuildFile; fileRef = E352949A2183EB3F003BCF2D /* Main.storyboard */; };
		E352949E2183EB53003BCF2D /* Assets.xcassets in Resources */ = {isa = PBXBuildFile; fileRef = E352949D2183EB53003BCF2D /* Assets.xcassets */; };
		E35294A12183EB53003BCF2D /* LaunchScreen.storyboard in Resources */ = {isa = PBXBuildFile; fileRef = E352949F2183EB53003BCF2D /* LaunchScreen.storyboard */; };
		E35294AA2183FCFC003BCF2D /* AddStudentViewController.swift in Sources */ = {isa = PBXBuildFile; fileRef = E35294A92183FCFC003BCF2D /* AddStudentViewController.swift */; };
		E35294AC2183FD15003BCF2D /* NamesStudentViewController.swift in Sources */ = {isa = PBXBuildFile; fileRef = E35294AB2183FD15003BCF2D /* NamesStudentViewController.swift */; };
		E35294AE2183FD30003BCF2D /* FacultyStudentViewController.swift in Sources */ = {isa = PBXBuildFile; fileRef = E35294AD2183FD30003BCF2D /* FacultyStudentViewController.swift */; };
		E35294B02183FD52003BCF2D /* DetailStudentViewController.swift in Sources */ = {isa = PBXBuildFile; fileRef = E35294AF2183FD52003BCF2D /* DetailStudentViewController.swift */; };
		E35294B22183FD83003BCF2D /* Student.swift in Sources */ = {isa = PBXBuildFile; fileRef = E35294B12183FD83003BCF2D /* Student.swift */; };
/* End PBXBuildFile section */

/* Begin PBXFileReference section */
		437FC72ABD5C92F91F299E07 /* Pods-HW_25_Observer_2.release.xcconfig */ = {isa = PBXFileReference; includeInIndex = 1; lastKnownFileType = text.xcconfig; name = "Pods-HW_25_Observer_2.release.xcconfig"; path = "Pods/Target Support Files/Pods-HW_25_Observer_2/Pods-HW_25_Observer_2.release.xcconfig"; sourceTree = "<group>"; };
		4FBEAC488FBBF2529E0777BA /* Pods-HW_25_Observer_2.debug.xcconfig */ = {isa = PBXFileReference; includeInIndex = 1; lastKnownFileType = text.xcconfig; name = "Pods-HW_25_Observer_2.debug.xcconfig"; path = "Pods/Target Support Files/Pods-HW_25_Observer_2/Pods-HW_25_Observer_2.debug.xcconfig"; sourceTree = "<group>"; };
		D11F53CED0DAB7AA0B93FFC4 /* Pods_HW_25_Observer_2.framework */ = {isa = PBXFileReference; explicitFileType = wrapper.framework; includeInIndex = 0; path = Pods_HW_25_Observer_2.framework; sourceTree = BUILT_PRODUCTS_DIR; };
		E35294932183EB3F003BCF2D /* HW_25_Observer_2.app */ = {isa = PBXFileReference; explicitFileType = wrapper.application; includeInIndex = 0; path = HW_25_Observer_2.app; sourceTree = BUILT_PRODUCTS_DIR; };
		E35294962183EB3F003BCF2D /* AppDelegate.swift */ = {isa = PBXFileReference; lastKnownFileType = sourcecode.swift; path = AppDelegate.swift; sourceTree = "<group>"; };
		E352949B2183EB3F003BCF2D /* Base */ = {isa = PBXFileReference; lastKnownFileType = file.storyboard; name = Base; path = Base.lproj/Main.storyboard; sourceTree = "<group>"; };
		E352949D2183EB53003BCF2D /* Assets.xcassets */ = {isa = PBXFileReference; lastKnownFileType = folder.assetcatalog; path = Assets.xcassets; sourceTree = "<group>"; };
		E35294A02183EB53003BCF2D /* Base */ = {isa = PBXFileReference; lastKnownFileType = file.storyboard; name = Base; path = Base.lproj/LaunchScreen.storyboard; sourceTree = "<group>"; };
		E35294A22183EB53003BCF2D /* Info.plist */ = {isa = PBXFileReference; lastKnownFileType = text.plist.xml; path = Info.plist; sourceTree = "<group>"; };
		E35294A92183FCFC003BCF2D /* AddStudentViewController.swift */ = {isa = PBXFileReference; lastKnownFileType = sourcecode.swift; path = AddStudentViewController.swift; sourceTree = "<group>"; };
		E35294AB2183FD15003BCF2D /* NamesStudentViewController.swift */ = {isa = PBXFileReference; lastKnownFileType = sourcecode.swift; path = NamesStudentViewController.swift; sourceTree = "<group>"; };
		E35294AD2183FD30003BCF2D /* FacultyStudentViewController.swift */ = {isa = PBXFileReference; lastKnownFileType = sourcecode.swift; path = FacultyStudentViewController.swift; sourceTree = "<group>"; };
		E35294AF2183FD52003BCF2D /* DetailStudentViewController.swift */ = {isa = PBXFileReference; lastKnownFileType = sourcecode.swift; path = DetailStudentViewController.swift; sourceTree = "<group>"; };
		E35294B12183FD83003BCF2D /* Student.swift */ = {isa = PBXFileReference; lastKnownFileType = sourcecode.swift; path = Student.swift; sourceTree = "<group>"; };
/* End PBXFileReference section */

/* Begin PBXFrameworksBuildPhase section */
		E35294902183EB3F003BCF2D /* Frameworks */ = {
			isa = PBXFrameworksBuildPhase;
			buildActionMask = 2147483647;
			files = (
				389F75404342645E983BD4F6 /* Pods_HW_25_Observer_2.framework in Frameworks */,
			);
			runOnlyForDeploymentPostprocessing = 0;
		};
/* End PBXFrameworksBuildPhase section */

/* Begin PBXGroup section */
		14ABD15D0FA214F6AE43BB3A /* Frameworks */ = {
			isa = PBXGroup;
			children = (
				D11F53CED0DAB7AA0B93FFC4 /* Pods_HW_25_Observer_2.framework */,
			);
			name = Frameworks;
			sourceTree = "<group>";
		};
		A3B5DDFBE6240EBA587F75B9 /* Pods */ = {
			isa = PBXGroup;
			children = (
				4FBEAC488FBBF2529E0777BA /* Pods-HW_25_Observer_2.debug.xcconfig */,
				437FC72ABD5C92F91F299E07 /* Pods-HW_25_Observer_2.release.xcconfig */,
			);
			name = Pods;
			sourceTree = "<group>";
		};
		E352948A2183EB3F003BCF2D = {
			isa = PBXGroup;
			children = (
				E35294952183EB3F003BCF2D /* HW_25_Observer_2 */,
				E35294942183EB3F003BCF2D /* Products */,
				A3B5DDFBE6240EBA587F75B9 /* Pods */,
				14ABD15D0FA214F6AE43BB3A /* Frameworks */,
			);
			sourceTree = "<group>";
		};
		E35294942183EB3F003BCF2D /* Products */ = {
			isa = PBXGroup;
			children = (
				E35294932183EB3F003BCF2D /* HW_25_Observer_2.app */,
			);
			name = Products;
			sourceTree = "<group>";
		};
		E35294952183EB3F003BCF2D /* HW_25_Observer_2 */ = {
			isa = PBXGroup;
			children = (
				E35294B92183FE4E003BCF2D /* Models */,
				E35294B72183FE28003BCF2D /* Controllers */,
				E352949A2183EB3F003BCF2D /* Main.storyboard */,
				E35294B32183FDA0003BCF2D /* Resources */,
			);
			path = HW_25_Observer_2;
			sourceTree = "<group>";
		};
		E35294B32183FDA0003BCF2D /* Resources */ = {
			isa = PBXGroup;
			children = (
				E35294962183EB3F003BCF2D /* AppDelegate.swift */,
				E352949D2183EB53003BCF2D /* Assets.xcassets */,
				E352949F2183EB53003BCF2D /* LaunchScreen.storyboard */,
				E35294A22183EB53003BCF2D /* Info.plist */,
			);
			name = Resources;
			sourceTree = "<group>";
		};
		E35294B72183FE28003BCF2D /* Controllers */ = {
			isa = PBXGroup;
			children = (
				E35294A92183FCFC003BCF2D /* AddStudentViewController.swift */,
				E35294AB2183FD15003BCF2D /* NamesStudentViewController.swift */,
				E35294AD2183FD30003BCF2D /* FacultyStudentViewController.swift */,
				E35294AF2183FD52003BCF2D /* DetailStudentViewController.swift */,
			);
			path = Controllers;
			sourceTree = "<group>";
		};
		E35294B92183FE4E003BCF2D /* Models */ = {
			isa = PBXGroup;
			children = (
				E35294B12183FD83003BCF2D /* Student.swift */,
			);
			path = Models;
			sourceTree = "<group>";
		};
/* End PBXGroup section */

/* Begin PBXNativeTarget section */
		E35294922183EB3F003BCF2D /* HW_25_Observer_2 */ = {
			isa = PBXNativeTarget;
			buildConfigurationList = E35294A52183EB53003BCF2D /* Build configuration list for PBXNativeTarget "HW_25_Observer_2" */;
			buildPhases = (
				25DD5D98A277675A1EC6A903 /* [CP] Check Pods Manifest.lock */,
				E352948F2183EB3F003BCF2D /* Sources */,
				E35294902183EB3F003BCF2D /* Frameworks */,
				E35294912183EB3F003BCF2D /* Resources */,
				E35294A82183ECF5003BCF2D /* ShellScript */,
			);
			buildRules = (
			);
			dependencies = (
			);
			name = HW_25_Observer_2;
			productName = HW_25_Observer_2;
			productReference = E35294932183EB3F003BCF2D /* HW_25_Observer_2.app */;
			productType = "com.apple.product-type.application";
		};
/* End PBXNativeTarget section */

/* Begin PBXProject section */
		E352948B2183EB3F003BCF2D /* Project object */ = {
			isa = PBXProject;
			attributes = {
				LastSwiftUpdateCheck = 0930;
				LastUpgradeCheck = 0930;
				ORGANIZATIONNAME = "Oleg Dynnikov";
				TargetAttributes = {
					E35294922183EB3F003BCF2D = {
						CreatedOnToolsVersion = 9.3;
						LastSwiftMigration = 1010;
					};
				};
			};
			buildConfigurationList = E352948E2183EB3F003BCF2D /* Build configuration list for PBXProject "HW_25_Observer_2" */;
			compatibilityVersion = "Xcode 9.3";
			developmentRegion = en;
			hasScannedForEncodings = 0;
			knownRegions = (
				en,
				Base,
			);
			mainGroup = E352948A2183EB3F003BCF2D;
			productRefGroup = E35294942183EB3F003BCF2D /* Products */;
			projectDirPath = "";
			projectRoot = "";
			targets = (
				E35294922183EB3F003BCF2D /* HW_25_Observer_2 */,
			);
		};
/* End PBXProject section */

/* Begin PBXResourcesBuildPhase section */
		E35294912183EB3F003BCF2D /* Resources */ = {
			isa = PBXResourcesBuildPhase;
			buildActionMask = 2147483647;
			files = (
				E35294A12183EB53003BCF2D /* LaunchScreen.storyboard in Resources */,
				E352949E2183EB53003BCF2D /* Assets.xcassets in Resources */,
				E352949C2183EB3F003BCF2D /* Main.storyboard in Resources */,
			);
			runOnlyForDeploymentPostprocessing = 0;
		};
/* End PBXResourcesBuildPhase section */

/* Begin PBXShellScriptBuildPhase section */
		25DD5D98A277675A1EC6A903 /* [CP] Check Pods Manifest.lock */ = {
			isa = PBXShellScriptBuildPhase;
			buildActionMask = 2147483647;
			files = (
			);
			inputPaths = (
				"${PODS_PODFILE_DIR_PATH}/Podfile.lock",
				"${PODS_ROOT}/Manifest.lock",
			);
			name = "[CP] Check Pods Manifest.lock";
			outputPaths = (
				"$(DERIVED_FILE_DIR)/Pods-HW_25_Observer_2-checkManifestLockResult.txt",
			);
			runOnlyForDeploymentPostprocessing = 0;
			shellPath = /bin/sh;
			shellScript = "diff \"${PODS_PODFILE_DIR_PATH}/Podfile.lock\" \"${PODS_ROOT}/Manifest.lock\" > /dev/null\nif [ $? != 0 ] ; then\n    # print error to STDERR\n    echo \"error: The sandbox is not in sync with the Podfile.lock. Run 'pod install' or update your CocoaPods installation.\" >&2\n    exit 1\nfi\n# This output is used by Xcode 'outputs' to avoid re-running this script phase.\necho \"SUCCESS\" > \"${SCRIPT_OUTPUT_FILE_0}\"\n";
			showEnvVarsInLog = 0;
		};
		E35294A82183ECF5003BCF2D /* ShellScript */ = {
			isa = PBXShellScriptBuildPhase;
			buildActionMask = 2147483647;
			files = (
			);
			inputPaths = (
			);
			outputPaths = (
			);
			runOnlyForDeploymentPostprocessing = 0;
			shellPath = /bin/sh;
			shellScript = "${PODS_ROOT}/SwiftLint/swiftlint\n";
		};
/* End PBXShellScriptBuildPhase section */

/* Begin PBXSourcesBuildPhase section */
		E352948F2183EB3F003BCF2D /* Sources */ = {
			isa = PBXSourcesBuildPhase;
			buildActionMask = 2147483647;
			files = (
				E35294AA2183FCFC003BCF2D /* AddStudentViewController.swift in Sources */,
				E35294B22183FD83003BCF2D /* Student.swift in Sources */,
				E35294AC2183FD15003BCF2D /* NamesStudentViewController.swift in Sources */,
				E35294972183EB3F003BCF2D /* AppDelegate.swift in Sources */,
				E35294AE2183FD30003BCF2D /* FacultyStudentViewController.swift in Sources */,
				E35294B02183FD52003BCF2D /* DetailStudentViewController.swift in Sources */,
			);
			runOnlyForDeploymentPostprocessing = 0;
		};
/* End PBXSourcesBuildPhase section */

/* Begin PBXVariantGroup section */
		E352949A2183EB3F003BCF2D /* Main.storyboard */ = {
			isa = PBXVariantGroup;
			children = (
				E352949B2183EB3F003BCF2D /* Base */,
			);
			name = Main.storyboard;
			sourceTree = "<group>";
		};
		E352949F2183EB53003BCF2D /* LaunchScreen.storyboard */ = {
			isa = PBXVariantGroup;
			children = (
				E35294A02183EB53003BCF2D /* Base */,
			);
			name = LaunchScreen.storyboard;
			sourceTree = "<group>";
		};
/* End PBXVariantGroup section */

/* Begin XCBuildConfiguration section */
		E35294A32183EB53003BCF2D /* Debug */ = {
			isa = XCBuildConfiguration;
			buildSettings = {
				ALWAYS_SEARCH_USER_PATHS = NO;
				CLANG_ANALYZER_NONNULL = YES;
				CLANG_ANALYZER_NUMBER_OBJECT_CONVERSION = YES_AGGRESSIVE;
				CLANG_CXX_LANGUAGE_STANDARD = "gnu++14";
				CLANG_CXX_LIBRARY = "libc++";
				CLANG_ENABLE_MODULES = YES;
				CLANG_ENABLE_OBJC_ARC = YES;
				CLANG_ENABLE_OBJC_WEAK = YES;
				CLANG_WARN_BLOCK_CAPTURE_AUTORELEASING = YES;
				CLANG_WARN_BOOL_CONVERSION = YES;
				CLANG_WARN_COMMA = YES;
				CLANG_WARN_CONSTANT_CONVERSION = YES;
				CLANG_WARN_DEPRECATED_OBJC_IMPLEMENTATIONS = YES;
				CLANG_WARN_DIRECT_OBJC_ISA_USAGE = YES_ERROR;
				CLANG_WARN_DOCUMENTATION_COMMENTS = YES;
				CLANG_WARN_EMPTY_BODY = YES;
				CLANG_WARN_ENUM_CONVERSION = YES;
				CLANG_WARN_INFINITE_RECURSION = YES;
				CLANG_WARN_INT_CONVERSION = YES;
				CLANG_WARN_NON_LITERAL_NULL_CONVERSION = YES;
				CLANG_WARN_OBJC_IMPLICIT_RETAIN_SELF = YES;
				CLANG_WARN_OBJC_LITERAL_CONVERSION = YES;
				CLANG_WARN_OBJC_ROOT_CLASS = YES_ERROR;
				CLANG_WARN_RANGE_LOOP_ANALYSIS = YES;
				CLANG_WARN_STRICT_PROTOTYPES = YES;
				CLANG_WARN_SUSPICIOUS_MOVE = YES;
				CLANG_WARN_UNGUARDED_AVAILABILITY = YES_AGGRESSIVE;
				CLANG_WARN_UNREACHABLE_CODE = YES;
				CLANG_WARN__DUPLICATE_METHOD_MATCH = YES;
				CODE_SIGN_IDENTITY = "iPhone Developer";
				COPY_PHASE_STRIP = NO;
				DEBUG_INFORMATION_FORMAT = dwarf;
				ENABLE_STRICT_OBJC_MSGSEND = YES;
				ENABLE_TESTABILITY = YES;
				GCC_C_LANGUAGE_STANDARD = gnu11;
				GCC_DYNAMIC_NO_PIC = NO;
				GCC_NO_COMMON_BLOCKS = YES;
				GCC_OPTIMIZATION_LEVEL = 0;
				GCC_PREPROCESSOR_DEFINITIONS = (
					"DEBUG=1",
					"$(inherited)",
				);
				GCC_WARN_64_TO_32_BIT_CONVERSION = YES;
				GCC_WARN_ABOUT_RETURN_TYPE = YES_ERROR;
				GCC_WARN_UNDECLARED_SELECTOR = YES;
				GCC_WARN_UNINITIALIZED_AUTOS = YES_AGGRESSIVE;
				GCC_WARN_UNUSED_FUNCTION = YES;
				GCC_WARN_UNUSED_VARIABLE = YES;
				IPHONEOS_DEPLOYMENT_TARGET = 11.3;
				MTL_ENABLE_DEBUG_INFO = YES;
				ONLY_ACTIVE_ARCH = YES;
				SDKROOT = iphoneos;
				SWIFT_ACTIVE_COMPILATION_CONDITIONS = DEBUG;
				SWIFT_OPTIMIZATION_LEVEL = "-Onone";
			};
			name = Debug;
		};
		E35294A42183EB53003BCF2D /* Release */ = {
			isa = XCBuildConfiguration;
			buildSettings = {
				ALWAYS_SEARCH_USER_PATHS = NO;
				CLANG_ANALYZER_NONNULL = YES;
				CLANG_ANALYZER_NUMBER_OBJECT_CONVERSION = YES_AGGRESSIVE;
				CLANG_CXX_LANGUAGE_STANDARD = "gnu++14";
				CLANG_CXX_LIBRARY = "libc++";
				CLANG_ENABLE_MODULES = YES;
				CLANG_ENABLE_OBJC_ARC = YES;
				CLANG_ENABLE_OBJC_WEAK = YES;
				CLANG_WARN_BLOCK_CAPTURE_AUTORELEASING = YES;
				CLANG_WARN_BOOL_CONVERSION = YES;
				CLANG_WARN_COMMA = YES;
				CLANG_WARN_CONSTANT_CONVERSION = YES;
				CLANG_WARN_DEPRECATED_OBJC_IMPLEMENTATIONS = YES;
				CLANG_WARN_DIRECT_OBJC_ISA_USAGE = YES_ERROR;
				CLANG_WARN_DOCUMENTATION_COMMENTS = YES;
				CLANG_WARN_EMPTY_BODY = YES;
				CLANG_WARN_ENUM_CONVERSION = YES;
				CLANG_WARN_INFINITE_RECURSION = YES;
				CLANG_WARN_INT_CONVERSION = YES;
				CLANG_WARN_NON_LITERAL_NULL_CONVERSION = YES;
				CLANG_WARN_OBJC_IMPLICIT_RETAIN_SELF = YES;
				CLANG_WARN_OBJC_LITERAL_CONVERSION = YES;
				CLANG_WARN_OBJC_ROOT_CLASS = YES_ERROR;
				CLANG_WARN_RANGE_LOOP_ANALYSIS = YES;
				CLANG_WARN_STRICT_PROTOTYPES = YES;
				CLANG_WARN_SUSPICIOUS_MOVE = YES;
				CLANG_WARN_UNGUARDED_AVAILABILITY = YES_AGGRESSIVE;
				CLANG_WARN_UNREACHABLE_CODE = YES;
				CLANG_WARN__DUPLICATE_METHOD_MATCH = YES;
				CODE_SIGN_IDENTITY = "iPhone Developer";
				COPY_PHASE_STRIP = NO;
				DEBUG_INFORMATION_FORMAT = "dwarf-with-dsym";
				ENABLE_NS_ASSERTIONS = NO;
				ENABLE_STRICT_OBJC_MSGSEND = YES;
				GCC_C_LANGUAGE_STANDARD = gnu11;
				GCC_NO_COMMON_BLOCKS = YES;
				GCC_WARN_64_TO_32_BIT_CONVERSION = YES;
				GCC_WARN_ABOUT_RETURN_TYPE = YES_ERROR;
				GCC_WARN_UNDECLARED_SELECTOR = YES;
				GCC_WARN_UNINITIALIZED_AUTOS = YES_AGGRESSIVE;
				GCC_WARN_UNUSED_FUNCTION = YES;
				GCC_WARN_UNUSED_VARIABLE = YES;
				IPHONEOS_DEPLOYMENT_TARGET = 11.3;
				MTL_ENABLE_DEBUG_INFO = NO;
				SDKROOT = iphoneos;
				SWIFT_COMPILATION_MODE = wholemodule;
				SWIFT_OPTIMIZATION_LEVEL = "-O";
				VALIDATE_PRODUCT = YES;
			};
			name = Release;
		};
		E35294A62183EB53003BCF2D /* Debug */ = {
			isa = XCBuildConfiguration;
			baseConfigurationReference = 4FBEAC488FBBF2529E0777BA /* Pods-HW_25_Observer_2.debug.xcconfig */;
			buildSettings = {
				ASSETCATALOG_COMPILER_APPICON_NAME = AppIcon;
				CODE_SIGN_STYLE = Automatic;
				DEVELOPMENT_TEAM = 7DHY489D4E;
				INFOPLIST_FILE = HW_25_Observer_2/Info.plist;
				LD_RUNPATH_SEARCH_PATHS = (
					"$(inherited)",
					"@executable_path/Frameworks",
				);
				PRODUCT_BUNDLE_IDENTIFIER = "IM.HW-25-Observer-2";
				PRODUCT_NAME = "$(TARGET_NAME)";
				SWIFT_VERSION = 4.2;
				TARGETED_DEVICE_FAMILY = "1,2";
			};
			name = Debug;
		};
		E35294A72183EB53003BCF2D /* Release */ = {
			isa = XCBuildConfiguration;
			baseConfigurationReference = 437FC72ABD5C92F91F299E07 /* Pods-HW_25_Observer_2.release.xcconfig */;
			buildSettings = {
				ASSETCATALOG_COMPILER_APPICON_NAME = AppIcon;
				CODE_SIGN_STYLE = Automatic;
				DEVELOPMENT_TEAM = 7DHY489D4E;
				INFOPLIST_FILE = HW_25_Observer_2/Info.plist;
				LD_RUNPATH_SEARCH_PATHS = (
					"$(inherited)",
					"@executable_path/Frameworks",
				);
				PRODUCT_BUNDLE_IDENTIFIER = "IM.HW-25-Observer-2";
				PRODUCT_NAME = "$(TARGET_NAME)";
				SWIFT_VERSION = 4.2;
				TARGETED_DEVICE_FAMILY = "1,2";
			};
			name = Release;
		};
/* End XCBuildConfiguration section */

/* Begin XCConfigurationList section */
		E352948E2183EB3F003BCF2D /* Build configuration list for PBXProject "HW_25_Observer_2" */ = {
			isa = XCConfigurationList;
			buildConfigurations = (
				E35294A32183EB53003BCF2D /* Debug */,
				E35294A42183EB53003BCF2D /* Release */,
			);
			defaultConfigurationIsVisible = 0;
			defaultConfigurationName = Release;
		};
		E35294A52183EB53003BCF2D /* Build configuration list for PBXNativeTarget "HW_25_Observer_2" */ = {
			isa = XCConfigurationList;
			buildConfigurations = (
				E35294A62183EB53003BCF2D /* Debug */,
				E35294A72183EB53003BCF2D /* Release */,
			);
			defaultConfigurationIsVisible = 0;
			defaultConfigurationName = Release;
		};
/* End XCConfigurationList section */
	};
	rootObject = E352948B2183EB3F003BCF2D /* Project object */;
}
